{
  "name": "three",
  "version": "1.0.0",
  "lockfileVersion": 1,
  "requires": true,
  "dependencies": {
    "three": {
      "version": "0.106.2",
      "resolved": "https://registry.npmjs.org/three/-/three-0.106.2.tgz",
      "integrity": "sha512-4Tlx43uoxnIaZFW2Bzkd1rXsatvVHEWAZJy8LuE+s6Q8c66ogNnhfq1bHiBKPAnXP230LD11H/ScIZc2LZMviA=="
    },
    "three-module": {
      "version": "1.0.3",
      "resolved": "https://registry.npmjs.org/three-module/-/three-module-1.0.3.tgz",
      "integrity": "sha512-NQd44e4e/E6YKeBNtKT0IzpJkLPdF0GRt/rwVNKkK8vX5306xQ3gamCNTd2vHOiGWvYkdmzDI8lfdySsDjH51w==",
      "requires": {
        "three": "^0.106.0"
      }
    },
    "three-orbitcontrols": {
      "version": "2.102.2",
      "resolved": "https://registry.npmjs.org/three-orbitcontrols/-/three-orbitcontrols-2.102.2.tgz",
      "integrity": "sha512-VIJpnJoL6PXbGiTX+z68/uu9E+I8cACVr6m1qm9yjfel6PU1/VE78B6gar9fVaQUhrXCCK0GlvpYsyZjCsisrQ=="
    }
  }
}
